
Microsoft Visual Studio Solution File, Format Version 12.00
# Visual Studio Version 17
VisualStudioVersion = 17.0.31919.166
MinimumVisualStudioVersion = 10.0.40219.1
Project("{FAE04EC0-301F-11D3-BF4B-00C04F79EFBC}") = "exercicePartie4TableauxListesEnumerationsEx2", "exercicePartie4TableauxListesEnumerationsEx2.csproj", "{C689660A-8BF7-433E-B37F-D3BD3E2F92BC}"
EndProject
Global
	GlobalSection(SolutionConfigurationPlatforms) = preSolution
		Debug|Any CPU = Debug|Any CPU
		Release|Any CPU = Release|Any CPU
	EndGlobalSection
	GlobalSection(ProjectConfigurationPlatforms) = postSolution
		{C689660A-8BF7-433E-B37F-D3BD3E2F92BC}.Debug|Any CPU.ActiveCfg = Debug|Any CPU
		{C689660A-8BF7-433E-B37F-D3BD3E2F92BC}.Debug|Any CPU.Build.0 = Debug|Any CPU
		{C689660A-8BF7-433E-B37F-D3BD3E2F92BC}.Release|Any CPU.ActiveCfg = Release|Any CPU
		{C689660A-8BF7-433E-B37F-D3BD3E2F92BC}.Release|Any CPU.Build.0 = Release|Any CPU
	EndGlobalSection
	GlobalSection(SolutionProperties) = preSolution
		HideSolutionNode = FALSE
	EndGlobalSection
	GlobalSection(ExtensibilityGlobals) = postSolution
		SolutionGuid = {EC02CFF1-6044-4798-86C5-3EEA642B6077}
	EndGlobalSection
EndGlobal
