
Microsoft Visual Studio Solution File, Format Version 12.00
# Visual Studio Version 17
VisualStudioVersion = 17.0.31919.166
MinimumVisualStudioVersion = 10.0.40219.1
Project("{FAE04EC0-301F-11D3-BF4B-00C04F79EFBC}") = "ExercicePartie1VariablesEx5", "ExercicePartie1VariablesEx5.csproj", "{82E585EB-7BDC-41B7-9437-48B500D30657}"
EndProject
Global
	GlobalSection(SolutionConfigurationPlatforms) = preSolution
		Debug|Any CPU = Debug|Any CPU
		Release|Any CPU = Release|Any CPU
	EndGlobalSection
	GlobalSection(ProjectConfigurationPlatforms) = postSolution
		{82E585EB-7BDC-41B7-9437-48B500D30657}.Debug|Any CPU.ActiveCfg = Debug|Any CPU
		{82E585EB-7BDC-41B7-9437-48B500D30657}.Debug|Any CPU.Build.0 = Debug|Any CPU
		{82E585EB-7BDC-41B7-9437-48B500D30657}.Release|Any CPU.ActiveCfg = Release|Any CPU
		{82E585EB-7BDC-41B7-9437-48B500D30657}.Release|Any CPU.Build.0 = Release|Any CPU
	EndGlobalSection
	GlobalSection(SolutionProperties) = preSolution
		HideSolutionNode = FALSE
	EndGlobalSection
	GlobalSection(ExtensibilityGlobals) = postSolution
		SolutionGuid = {ACBCC08C-32CD-49F1-9E76-7CF7C9F18BF8}
	EndGlobalSection
EndGlobal
